
Microsoft Visual Studio Solution File, Format Version 12.00
# Visual Studio Version 17
VisualStudioVersion = 17.8.34330.188
MinimumVisualStudioVersion = 10.0.40219.1
Project("{FAE04EC0-301F-11D3-BF4B-00C04F79EFBC}") = "Art Gallery WebAPI", "Art Gallery WebAPI\Art Gallery WebAPI.csproj", "{1C1D4594-3E9F-4494-AE89-15AF962B1BCF}"
EndProject
Global
	GlobalSection(SolutionConfigurationPlatforms) = preSolution
		Debug|Any CPU = Debug|Any CPU
		Release|Any CPU = Release|Any CPU
	EndGlobalSection
	GlobalSection(ProjectConfigurationPlatforms) = postSolution
		{1C1D4594-3E9F-4494-AE89-15AF962B1BCF}.Debug|Any CPU.ActiveCfg = Debug|Any CPU
		{1C1D4594-3E9F-4494-AE89-15AF962B1BCF}.Debug|Any CPU.Build.0 = Debug|Any CPU
		{1C1D4594-3E9F-4494-AE89-15AF962B1BCF}.Release|Any CPU.ActiveCfg = Release|Any CPU
		{1C1D4594-3E9F-4494-AE89-15AF962B1BCF}.Release|Any CPU.Build.0 = Release|Any CPU
	EndGlobalSection
	GlobalSection(SolutionProperties) = preSolution
		HideSolutionNode = FALSE
	EndGlobalSection
	GlobalSection(ExtensibilityGlobals) = postSolution
		SolutionGuid = {D2526545-A2C0-4386-927B-AD6E819DF777}
	EndGlobalSection
EndGlobal
